// !$*UTF8*$!
{
	archiveVersion = 1;
	classes = {
	};
	objectVersion = 56;
	objects = {

/* Begin PBXBuildFile section */
		AD736E982C09999E00793F09 /* AppDelegate.swift in Sources */ = {isa = PBXBuildFile; fileRef = AD736E972C09999E00793F09 /* AppDelegate.swift */; };
		AD736E9A2C09999E00793F09 /* SceneDelegate.swift in Sources */ = {isa = PBXBuildFile; fileRef = AD736E992C09999E00793F09 /* SceneDelegate.swift */; };
		AD736EA12C0999A000793F09 /* Assets.xcassets in Resources */ = {isa = PBXBuildFile; fileRef = AD736EA02C0999A000793F09 /* Assets.xcassets */; };
		AD736EA42C0999A000793F09 /* LaunchScreen.storyboard in Resources */ = {isa = PBXBuildFile; fileRef = AD736EA22C0999A000793F09 /* LaunchScreen.storyboard */; };
		AD736EAC2C0999F500793F09 /* DeactivateViewController.swift in Sources */ = {isa = PBXBuildFile; fileRef = AD736EAB2C0999F500793F09 /* DeactivateViewController.swift */; };
		AD736EAF2C099A1100793F09 /* SnapKit in Frameworks */ = {isa = PBXBuildFile; productRef = AD736EAE2C099A1100793F09 /* SnapKit */; };
		AD736EB12C099A2E00793F09 /* DeactivateViewModel.swift in Sources */ = {isa = PBXBuildFile; fileRef = AD736EB02C099A2E00793F09 /* DeactivateViewModel.swift */; };
		AD736EB42C099A7400793F09 /* DeactivateNavigator.swift in Sources */ = {isa = PBXBuildFile; fileRef = AD736EB32C099A7400793F09 /* DeactivateNavigator.swift */; };
		AD736EB82C09A30500793F09 /* CombineCocoa in Frameworks */ = {isa = PBXBuildFile; productRef = AD736EB72C09A30500793F09 /* CombineCocoa */; };
		AD736EBA2C09A4E700793F09 /* Extension+UIButton.swift in Sources */ = {isa = PBXBuildFile; fileRef = AD736EB92C09A4E600793F09 /* Extension+UIButton.swift */; };
		AD736EBC2C09A67F00793F09 /* ViewItem.swift in Sources */ = {isa = PBXBuildFile; fileRef = AD736EBB2C09A67F00793F09 /* ViewItem.swift */; };
		AD736EBF2C09A8DB00793F09 /* Combine+WithLatestFrom.swift in Sources */ = {isa = PBXBuildFile; fileRef = AD736EBE2C09A8DB00793F09 /* Combine+WithLatestFrom.swift */; };
/* End PBXBuildFile section */

/* Begin PBXFileReference section */
		AD736E942C09999E00793F09 /* DeactivateViewSample.app */ = {isa = PBXFileReference; explicitFileType = wrapper.application; includeInIndex = 0; path = DeactivateViewSample.app; sourceTree = BUILT_PRODUCTS_DIR; };
		AD736E972C09999E00793F09 /* AppDelegate.swift */ = {isa = PBXFileReference; lastKnownFileType = sourcecode.swift; path = AppDelegate.swift; sourceTree = "<group>"; };
		AD736E992C09999E00793F09 /* SceneDelegate.swift */ = {isa = PBXFileReference; lastKnownFileType = sourcecode.swift; path = SceneDelegate.swift; sourceTree = "<group>"; };
		AD736EA02C0999A000793F09 /* Assets.xcassets */ = {isa = PBXFileReference; lastKnownFileType = folder.assetcatalog; path = Assets.xcassets; sourceTree = "<group>"; };
		AD736EA32C0999A000793F09 /* Base */ = {isa = PBXFileReference; lastKnownFileType = file.storyboard; name = Base; path = Base.lproj/LaunchScreen.storyboard; sourceTree = "<group>"; };
		AD736EA52C0999A000793F09 /* Info.plist */ = {isa = PBXFileReference; lastKnownFileType = text.plist.xml; path = Info.plist; sourceTree = "<group>"; };
		AD736EAB2C0999F500793F09 /* DeactivateViewController.swift */ = {isa = PBXFileReference; lastKnownFileType = sourcecode.swift; path = DeactivateViewController.swift; sourceTree = "<group>"; };
		AD736EB02C099A2E00793F09 /* DeactivateViewModel.swift */ = {isa = PBXFileReference; lastKnownFileType = sourcecode.swift; path = DeactivateViewModel.swift; sourceTree = "<group>"; };
		AD736EB32C099A7400793F09 /* DeactivateNavigator.swift */ = {isa = PBXFileReference; lastKnownFileType = sourcecode.swift; path = DeactivateNavigator.swift; sourceTree = "<group>"; };
		AD736EB92C09A4E600793F09 /* Extension+UIButton.swift */ = {isa = PBXFileReference; lastKnownFileType = sourcecode.swift; path = "Extension+UIButton.swift"; sourceTree = "<group>"; };
		AD736EBB2C09A67F00793F09 /* ViewItem.swift */ = {isa = PBXFileReference; lastKnownFileType = sourcecode.swift; path = ViewItem.swift; sourceTree = "<group>"; };
		AD736EBE2C09A8DB00793F09 /* Combine+WithLatestFrom.swift */ = {isa = PBXFileReference; fileEncoding = 4; lastKnownFileType = sourcecode.swift; path = "Combine+WithLatestFrom.swift"; sourceTree = "<group>"; };
/* End PBXFileReference section */

/* Begin PBXFrameworksBuildPhase section */
		AD736E912C09999E00793F09 /* Frameworks */ = {
			isa = PBXFrameworksBuildPhase;
			buildActionMask = 2147483647;
			files = (
				AD736EB82C09A30500793F09 /* CombineCocoa in Frameworks */,
				AD736EAF2C099A1100793F09 /* SnapKit in Frameworks */,
			);
			runOnlyForDeploymentPostprocessing = 0;
		};
/* End PBXFrameworksBuildPhase section */

/* Begin PBXGroup section */
		AD736E8B2C09999E00793F09 = {
			isa = PBXGroup;
			children = (
				AD736E962C09999E00793F09 /* DeactivateViewSample */,
				AD736E952C09999E00793F09 /* Products */,
			);
			sourceTree = "<group>";
		};
		AD736E952C09999E00793F09 /* Products */ = {
			isa = PBXGroup;
			children = (
				AD736E942C09999E00793F09 /* DeactivateViewSample.app */,
			);
			name = Products;
			sourceTree = "<group>";
		};
		AD736E962C09999E00793F09 /* DeactivateViewSample */ = {
			isa = PBXGroup;
			children = (
				AD736EB22C099A5E00793F09 /* Delegate */,
				AD736EA02C0999A000793F09 /* Assets.xcassets */,
				AD736EA22C0999A000793F09 /* LaunchScreen.storyboard */,
				AD736EA52C0999A000793F09 /* Info.plist */,
				AD736EB52C099B1900793F09 /* Scene */,
				AD736EB92C09A4E600793F09 /* Extension+UIButton.swift */,
				AD736EBE2C09A8DB00793F09 /* Combine+WithLatestFrom.swift */,
			);
			path = DeactivateViewSample;
			sourceTree = "<group>";
		};
		AD736EB22C099A5E00793F09 /* Delegate */ = {
			isa = PBXGroup;
			children = (
				AD736E972C09999E00793F09 /* AppDelegate.swift */,
				AD736E992C09999E00793F09 /* SceneDelegate.swift */,
			);
			path = Delegate;
			sourceTree = "<group>";
		};
		AD736EB52C099B1900793F09 /* Scene */ = {
			isa = PBXGroup;
			children = (
				AD736EBD2C09A68300793F09 /* Model */,
				AD736EAB2C0999F500793F09 /* DeactivateViewController.swift */,
				AD736EB02C099A2E00793F09 /* DeactivateViewModel.swift */,
				AD736EB32C099A7400793F09 /* DeactivateNavigator.swift */,
			);
			path = Scene;
			sourceTree = "<group>";
		};
		AD736EBD2C09A68300793F09 /* Model */ = {
			isa = PBXGroup;
			children = (
				AD736EBB2C09A67F00793F09 /* ViewItem.swift */,
			);
			path = Model;
			sourceTree = "<group>";
		};
/* End PBXGroup section */

/* Begin PBXNativeTarget section */
		AD736E932C09999E00793F09 /* DeactivateViewSample */ = {
			isa = PBXNativeTarget;
			buildConfigurationList = AD736EA82C0999A000793F09 /* Build configuration list for PBXNativeTarget "DeactivateViewSample" */;
			buildPhases = (
				AD736E902C09999E00793F09 /* Sources */,
				AD736E912C09999E00793F09 /* Frameworks */,
				AD736E922C09999E00793F09 /* Resources */,
			);
			buildRules = (
			);
			dependencies = (
			);
			name = DeactivateViewSample;
			packageProductDependencies = (
				AD736EAE2C099A1100793F09 /* SnapKit */,
				AD736EB72C09A30500793F09 /* CombineCocoa */,
			);
			productName = DeactivateViewSample;
			productReference = AD736E942C09999E00793F09 /* DeactivateViewSample.app */;
			productType = "com.apple.product-type.application";
		};
/* End PBXNativeTarget section */

/* Begin PBXProject section */
		AD736E8C2C09999E00793F09 /* Project object */ = {
			isa = PBXProject;
			attributes = {
				BuildIndependentTargetsInParallel = 1;
				LastSwiftUpdateCheck = 1520;
				LastUpgradeCheck = 1520;
				TargetAttributes = {
					AD736E932C09999E00793F09 = {
						CreatedOnToolsVersion = 15.2;
					};
				};
			};
			buildConfigurationList = AD736E8F2C09999E00793F09 /* Build configuration list for PBXProject "DeactivateViewSample" */;
			compatibilityVersion = "Xcode 14.0";
			developmentRegion = en;
			hasScannedForEncodings = 0;
			knownRegions = (
				en,
				Base,
			);
			mainGroup = AD736E8B2C09999E00793F09;
			packageReferences = (
				AD736EAD2C099A1100793F09 /* XCRemoteSwiftPackageReference "SnapKit" */,
				AD736EB62C09A30500793F09 /* XCRemoteSwiftPackageReference "CombineCocoa" */,
			);
			productRefGroup = AD736E952C09999E00793F09 /* Products */;
			projectDirPath = "";
			projectRoot = "";
			targets = (
				AD736E932C09999E00793F09 /* DeactivateViewSample */,
			);
		};
/* End PBXProject section */

/* Begin PBXResourcesBuildPhase section */
		AD736E922C09999E00793F09 /* Resources */ = {
			isa = PBXResourcesBuildPhase;
			buildActionMask = 2147483647;
			files = (
				AD736EA42C0999A000793F09 /* LaunchScreen.storyboard in Resources */,
				AD736EA12C0999A000793F09 /* Assets.xcassets in Resources */,
			);
			runOnlyForDeploymentPostprocessing = 0;
		};
/* End PBXResourcesBuildPhase section */

/* Begin PBXSourcesBuildPhase section */
		AD736E902C09999E00793F09 /* Sources */ = {
			isa = PBXSourcesBuildPhase;
			buildActionMask = 2147483647;
			files = (
				AD736EB42C099A7400793F09 /* DeactivateNavigator.swift in Sources */,
				AD736E982C09999E00793F09 /* AppDelegate.swift in Sources */,
				AD736EBC2C09A67F00793F09 /* ViewItem.swift in Sources */,
				AD736EB12C099A2E00793F09 /* DeactivateViewModel.swift in Sources */,
				AD736EBF2C09A8DB00793F09 /* Combine+WithLatestFrom.swift in Sources */,
				AD736EAC2C0999F500793F09 /* DeactivateViewController.swift in Sources */,
				AD736E9A2C09999E00793F09 /* SceneDelegate.swift in Sources */,
				AD736EBA2C09A4E700793F09 /* Extension+UIButton.swift in Sources */,
			);
			runOnlyForDeploymentPostprocessing = 0;
		};
/* End PBXSourcesBuildPhase section */

/* Begin PBXVariantGroup section */
		AD736EA22C0999A000793F09 /* LaunchScreen.storyboard */ = {
			isa = PBXVariantGroup;
			children = (
				AD736EA32C0999A000793F09 /* Base */,
			);
			name = LaunchScreen.storyboard;
			sourceTree = "<group>";
		};
/* End PBXVariantGroup section */

/* Begin XCBuildConfiguration section */
		AD736EA62C0999A000793F09 /* Debug */ = {
			isa = XCBuildConfiguration;
			buildSettings = {
				ALWAYS_SEARCH_USER_PATHS = NO;
				ASSETCATALOG_COMPILER_GENERATE_SWIFT_ASSET_SYMBOL_EXTENSIONS = YES;
				CLANG_ANALYZER_NONNULL = YES;
				CLANG_ANALYZER_NUMBER_OBJECT_CONVERSION = YES_AGGRESSIVE;
				CLANG_CXX_LANGUAGE_STANDARD = "gnu++20";
				CLANG_ENABLE_MODULES = YES;
				CLANG_ENABLE_OBJC_ARC = YES;
				CLANG_ENABLE_OBJC_WEAK = YES;
				CLANG_WARN_BLOCK_CAPTURE_AUTORELEASING = YES;
				CLANG_WARN_BOOL_CONVERSION = YES;
				CLANG_WARN_COMMA = YES;
				CLANG_WARN_CONSTANT_CONVERSION = YES;
				CLANG_WARN_DEPRECATED_OBJC_IMPLEMENTATIONS = YES;
				CLANG_WARN_DIRECT_OBJC_ISA_USAGE = YES_ERROR;
				CLANG_WARN_DOCUMENTATION_COMMENTS = YES;
				CLANG_WARN_EMPTY_BODY = YES;
				CLANG_WARN_ENUM_CONVERSION = YES;
				CLANG_WARN_INFINITE_RECURSION = YES;
				CLANG_WARN_INT_CONVERSION = YES;
				CLANG_WARN_NON_LITERAL_NULL_CONVERSION = YES;
				CLANG_WARN_OBJC_IMPLICIT_RETAIN_SELF = YES;
				CLANG_WARN_OBJC_LITERAL_CONVERSION = YES;
				CLANG_WARN_OBJC_ROOT_CLASS = YES_ERROR;
				CLANG_WARN_QUOTED_INCLUDE_IN_FRAMEWORK_HEADER = YES;
				CLANG_WARN_RANGE_LOOP_ANALYSIS = YES;
				CLANG_WARN_STRICT_PROTOTYPES = YES;
				CLANG_WARN_SUSPICIOUS_MOVE = YES;
				CLANG_WARN_UNGUARDED_AVAILABILITY = YES_AGGRESSIVE;
				CLANG_WARN_UNREACHABLE_CODE = YES;
				CLANG_WARN__DUPLICATE_METHOD_MATCH = YES;
				COPY_PHASE_STRIP = NO;
				DEBUG_INFORMATION_FORMAT = dwarf;
				ENABLE_STRICT_OBJC_MSGSEND = YES;
				ENABLE_TESTABILITY = YES;
				ENABLE_USER_SCRIPT_SANDBOXING = YES;
				GCC_C_LANGUAGE_STANDARD = gnu17;
				GCC_DYNAMIC_NO_PIC = NO;
				GCC_NO_COMMON_BLOCKS = YES;
				GCC_OPTIMIZATION_LEVEL = 0;
				GCC_PREPROCESSOR_DEFINITIONS = (
					"DEBUG=1",
					"$(inherited)",
				);
				GCC_WARN_64_TO_32_BIT_CONVERSION = YES;
				GCC_WARN_ABOUT_RETURN_TYPE = YES_ERROR;
				GCC_WARN_UNDECLARED_SELECTOR = YES;
				GCC_WARN_UNINITIALIZED_AUTOS = YES_AGGRESSIVE;
				GCC_WARN_UNUSED_FUNCTION = YES;
				GCC_WARN_UNUSED_VARIABLE = YES;
				IPHONEOS_DEPLOYMENT_TARGET = 17.2;
				LOCALIZATION_PREFERS_STRING_CATALOGS = YES;
				MTL_ENABLE_DEBUG_INFO = INCLUDE_SOURCE;
				MTL_FAST_MATH = YES;
				ONLY_ACTIVE_ARCH = YES;
				SDKROOT = iphoneos;
				SWIFT_ACTIVE_COMPILATION_CONDITIONS = "DEBUG $(inherited)";
				SWIFT_OPTIMIZATION_LEVEL = "-Onone";
			};
			name = Debug;
		};
		AD736EA72C0999A000793F09 /* Release */ = {
			isa = XCBuildConfiguration;
			buildSettings = {
				ALWAYS_SEARCH_USER_PATHS = NO;
				ASSETCATALOG_COMPILER_GENERATE_SWIFT_ASSET_SYMBOL_EXTENSIONS = YES;
				CLANG_ANALYZER_NONNULL = YES;
				CLANG_ANALYZER_NUMBER_OBJECT_CONVERSION = YES_AGGRESSIVE;
				CLANG_CXX_LANGUAGE_STANDARD = "gnu++20";
				CLANG_ENABLE_MODULES = YES;
				CLANG_ENABLE_OBJC_ARC = YES;
				CLANG_ENABLE_OBJC_WEAK = YES;
				CLANG_WARN_BLOCK_CAPTURE_AUTORELEASING = YES;
				CLANG_WARN_BOOL_CONVERSION = YES;
				CLANG_WARN_COMMA = YES;
				CLANG_WARN_CONSTANT_CONVERSION = YES;
				CLANG_WARN_DEPRECATED_OBJC_IMPLEMENTATIONS = YES;
				CLANG_WARN_DIRECT_OBJC_ISA_USAGE = YES_ERROR;
				CLANG_WARN_DOCUMENTATION_COMMENTS = YES;
				CLANG_WARN_EMPTY_BODY = YES;
				CLANG_WARN_ENUM_CONVERSION = YES;
				CLANG_WARN_INFINITE_RECURSION = YES;
				CLANG_WARN_INT_CONVERSION = YES;
				CLANG_WARN_NON_LITERAL_NULL_CONVERSION = YES;
				CLANG_WARN_OBJC_IMPLICIT_RETAIN_SELF = YES;
				CLANG_WARN_OBJC_LITERAL_CONVERSION = YES;
				CLANG_WARN_OBJC_ROOT_CLASS = YES_ERROR;
				CLANG_WARN_QUOTED_INCLUDE_IN_FRAMEWORK_HEADER = YES;
				CLANG_WARN_RANGE_LOOP_ANALYSIS = YES;
				CLANG_WARN_STRICT_PROTOTYPES = YES;
				CLANG_WARN_SUSPICIOUS_MOVE = YES;
				CLANG_WARN_UNGUARDED_AVAILABILITY = YES_AGGRESSIVE;
				CLANG_WARN_UNREACHABLE_CODE = YES;
				CLANG_WARN__DUPLICATE_METHOD_MATCH = YES;
				COPY_PHASE_STRIP = NO;
				DEBUG_INFORMATION_FORMAT = "dwarf-with-dsym";
				ENABLE_NS_ASSERTIONS = NO;
				ENABLE_STRICT_OBJC_MSGSEND = YES;
				ENABLE_USER_SCRIPT_SANDBOXING = YES;
				GCC_C_LANGUAGE_STANDARD = gnu17;
				GCC_NO_COMMON_BLOCKS = YES;
				GCC_WARN_64_TO_32_BIT_CONVERSION = YES;
				GCC_WARN_ABOUT_RETURN_TYPE = YES_ERROR;
				GCC_WARN_UNDECLARED_SELECTOR = YES;
				GCC_WARN_UNINITIALIZED_AUTOS = YES_AGGRESSIVE;
				GCC_WARN_UNUSED_FUNCTION = YES;
				GCC_WARN_UNUSED_VARIABLE = YES;
				IPHONEOS_DEPLOYMENT_TARGET = 17.2;
				LOCALIZATION_PREFERS_STRING_CATALOGS = YES;
				MTL_ENABLE_DEBUG_INFO = NO;
				MTL_FAST_MATH = YES;
				SDKROOT = iphoneos;
				SWIFT_COMPILATION_MODE = wholemodule;
				VALIDATE_PRODUCT = YES;
			};
			name = Release;
		};
		AD736EA92C0999A000793F09 /* Debug */ = {
			isa = XCBuildConfiguration;
			buildSettings = {
				ASSETCATALOG_COMPILER_APPICON_NAME = AppIcon;
				ASSETCATALOG_COMPILER_GLOBAL_ACCENT_COLOR_NAME = AccentColor;
				CODE_SIGN_STYLE = Automatic;
				CURRENT_PROJECT_VERSION = 1;
				DEVELOPMENT_TEAM = HDFLLXK789;
				GENERATE_INFOPLIST_FILE = YES;
				INFOPLIST_FILE = DeactivateViewSample/Info.plist;
				INFOPLIST_KEY_UIApplicationSupportsIndirectInputEvents = YES;
				INFOPLIST_KEY_UILaunchStoryboardName = LaunchScreen;
				INFOPLIST_KEY_UIMainStoryboardFile = "";
				INFOPLIST_KEY_UISupportedInterfaceOrientations_iPad = "UIInterfaceOrientationPortrait UIInterfaceOrientationPortraitUpsideDown UIInterfaceOrientationLandscapeLeft UIInterfaceOrientationLandscapeRight";
				INFOPLIST_KEY_UISupportedInterfaceOrientations_iPhone = "UIInterfaceOrientationPortrait UIInterfaceOrientationLandscapeLeft UIInterfaceOrientationLandscapeRight";
				LD_RUNPATH_SEARCH_PATHS = (
					"$(inherited)",
					"@executable_path/Frameworks",
				);
				MARKETING_VERSION = 1.0;
				PRODUCT_BUNDLE_IDENTIFIER = com.ycompany.DeactivateViewSample;
				PRODUCT_NAME = "$(TARGET_NAME)";
				SWIFT_EMIT_LOC_STRINGS = YES;
				SWIFT_VERSION = 5.0;
				TARGETED_DEVICE_FAMILY = "1,2";
			};
			name = Debug;
		};
		AD736EAA2C0999A000793F09 /* Release */ = {
			isa = XCBuildConfiguration;
			buildSettings = {
				ASSETCATALOG_COMPILER_APPICON_NAME = AppIcon;
				ASSETCATALOG_COMPILER_GLOBAL_ACCENT_COLOR_NAME = AccentColor;
				CODE_SIGN_STYLE = Automatic;
				CURRENT_PROJECT_VERSION = 1;
				DEVELOPMENT_TEAM = HDFLLXK789;
				GENERATE_INFOPLIST_FILE = YES;
				INFOPLIST_FILE = DeactivateViewSample/Info.plist;
				INFOPLIST_KEY_UIApplicationSupportsIndirectInputEvents = YES;
				INFOPLIST_KEY_UILaunchStoryboardName = LaunchScreen;
				INFOPLIST_KEY_UIMainStoryboardFile = "";
				INFOPLIST_KEY_UISupportedInterfaceOrientations_iPad = "UIInterfaceOrientationPortrait UIInterfaceOrientationPortraitUpsideDown UIInterfaceOrientationLandscapeLeft UIInterfaceOrientationLandscapeRight";
				INFOPLIST_KEY_UISupportedInterfaceOrientations_iPhone = "UIInterfaceOrientationPortrait UIInterfaceOrientationLandscapeLeft UIInterfaceOrientationLandscapeRight";
				LD_RUNPATH_SEARCH_PATHS = (
					"$(inherited)",
					"@executable_path/Frameworks",
				);
				MARKETING_VERSION = 1.0;
				PRODUCT_BUNDLE_IDENTIFIER = com.ycompany.DeactivateViewSample;
				PRODUCT_NAME = "$(TARGET_NAME)";
				SWIFT_EMIT_LOC_STRINGS = YES;
				SWIFT_VERSION = 5.0;
				TARGETED_DEVICE_FAMILY = "1,2";
			};
			name = Release;
		};
/* End XCBuildConfiguration section */

/* Begin XCConfigurationList section */
		AD736E8F2C09999E00793F09 /* Build configuration list for PBXProject "DeactivateViewSample" */ = {
			isa = XCConfigurationList;
			buildConfigurations = (
				AD736EA62C0999A000793F09 /* Debug */,
				AD736EA72C0999A000793F09 /* Release */,
			);
			defaultConfigurationIsVisible = 0;
			defaultConfigurationName = Release;
		};
		AD736EA82C0999A000793F09 /* Build configuration list for PBXNativeTarget "DeactivateViewSample" */ = {
			isa = XCConfigurationList;
			buildConfigurations = (
				AD736EA92C0999A000793F09 /* Debug */,
				AD736EAA2C0999A000793F09 /* Release */,
			);
			defaultConfigurationIsVisible = 0;
			defaultConfigurationName = Release;
		};
/* End XCConfigurationList section */

/* Begin XCRemoteSwiftPackageReference section */
		AD736EAD2C099A1100793F09 /* XCRemoteSwiftPackageReference "SnapKit" */ = {
			isa = XCRemoteSwiftPackageReference;
			repositoryURL = "https://github.com/SnapKit/SnapKit.git";
			requirement = {
				kind = upToNextMajorVersion;
				minimumVersion = 5.7.1;
			};
		};
		AD736EB62C09A30500793F09 /* XCRemoteSwiftPackageReference "CombineCocoa" */ = {
			isa = XCRemoteSwiftPackageReference;
			repositoryURL = "https://github.com/CombineCommunity/CombineCocoa.git";
			requirement = {
				kind = upToNextMajorVersion;
				minimumVersion = 0.4.1;
			};
		};
/* End XCRemoteSwiftPackageReference section */

/* Begin XCSwiftPackageProductDependency section */
		AD736EAE2C099A1100793F09 /* SnapKit */ = {
			isa = XCSwiftPackageProductDependency;
			package = AD736EAD2C099A1100793F09 /* XCRemoteSwiftPackageReference "SnapKit" */;
			productName = SnapKit;
		};
		AD736EB72C09A30500793F09 /* CombineCocoa */ = {
			isa = XCSwiftPackageProductDependency;
			package = AD736EB62C09A30500793F09 /* XCRemoteSwiftPackageReference "CombineCocoa" */;
			productName = CombineCocoa;
		};
/* End XCSwiftPackageProductDependency section */
	};
	rootObject = AD736E8C2C09999E00793F09 /* Project object */;
}
